
Microsoft Visual Studio Solution File, Format Version 12.00
# Visual Studio 15
Project("{FAE04EC0-301F-11D3-BF4B-00C04F79EFBC}") = "MytestCode002", "MytestCode002\MytestCode002.csproj", "{230B6787-7019-46A7-A595-79087D99911C}"
EndProject
Global
	GlobalSection(SolutionConfigurationPlatforms) = preSolution
		Debug|Any CPU = Debug|Any CPU
		Release|Any CPU = Release|Any CPU
	EndGlobalSection
	GlobalSection(ProjectConfigurationPlatforms) = postSolution
		{230B6787-7019-46A7-A595-79087D99911C}.Debug|Any CPU.ActiveCfg = Debug|Any CPU
		{230B6787-7019-46A7-A595-79087D99911C}.Debug|Any CPU.Build.0 = Debug|Any CPU
		{230B6787-7019-46A7-A595-79087D99911C}.Release|Any CPU.ActiveCfg = Release|Any CPU
		{230B6787-7019-46A7-A595-79087D99911C}.Release|Any CPU.Build.0 = Release|Any CPU
	EndGlobalSection
EndGlobal
